schema: '2.0'
stages:
  load_data:
    cmd: python src/load_data.py --config=params.yaml
    deps:
    - path: data_given/winequality.csv
      md5: ccc8d3507eb151f53f760d36abdef888
      size: 91998
    - path: src/get_data.py
      md5: 206c71dd5e49a5516bc7531a65bdd0af
      size: 653
    - path: src/load_data.py
      md5: 8b48bde88448d9a14b12224185373a37
      size: 652
    outs:
    - path: data/raw/winequality.csv
      md5: dcb9f7736a81b73cf4cf803b5ef3f07e
      size: 102550
  split_data:
    cmd: python src/split_data.py --config=params.yaml
    deps:
    - path: data/raw/winequality.csv
      md5: dcb9f7736a81b73cf4cf803b5ef3f07e
      size: 102550
    - path: src/get_data.py
      md5: 206c71dd5e49a5516bc7531a65bdd0af
      size: 653
    - path: src/split_data.py
      md5: 96bc0aaf051dd9742de13777dc52ce28
      size: 1084
    outs:
    - path: data/processed/test_winequality.csv
      md5: e320178d92172ce1a1cbcbe92e6bdfa1
      size: 77345
    - path: data/processed/train_winequality.csv
      md5: 5787b15b8bb42aa53b817010d433f041
      size: 19422
